
Microsoft Visual Studio Solution File, Format Version 12.00
# Visual Studio Version 16
VisualStudioVersion = 16.0.31729.503
MinimumVisualStudioVersion = 10.0.40219.1
Project("{FAE04EC0-301F-11D3-BF4B-00C04F79EFBC}") = "HotelListingApp", "HotelListingApp\HotelListingApp.csproj", "{1826089A-B13E-420E-91AB-3C9FEDB6A5EB}"
EndProject
Global
	GlobalSection(SolutionConfigurationPlatforms) = preSolution
		Debug|Any CPU = Debug|Any CPU
		Release|Any CPU = Release|Any CPU
	EndGlobalSection
	GlobalSection(ProjectConfigurationPlatforms) = postSolution
		{1826089A-B13E-420E-91AB-3C9FEDB6A5EB}.Debug|Any CPU.ActiveCfg = Debug|Any CPU
		{1826089A-B13E-420E-91AB-3C9FEDB6A5EB}.Debug|Any CPU.Build.0 = Debug|Any CPU
		{1826089A-B13E-420E-91AB-3C9FEDB6A5EB}.Release|Any CPU.ActiveCfg = Release|Any CPU
		{1826089A-B13E-420E-91AB-3C9FEDB6A5EB}.Release|Any CPU.Build.0 = Release|Any CPU
	EndGlobalSection
	GlobalSection(SolutionProperties) = preSolution
		HideSolutionNode = FALSE
	EndGlobalSection
	GlobalSection(ExtensibilityGlobals) = postSolution
		SolutionGuid = {AE74A15F-A58A-4F2B-A6E9-92EF242A0B3E}
	EndGlobalSection
EndGlobal
